
Microsoft Visual Studio Solution File, Format Version 12.00
# Visual Studio 15
VisualStudioVersion = 15.0.28307.271
MinimumVisualStudioVersion = 10.0.40219.1
Project("{8BC9CEB8-8B4A-11D0-8D11-00A0C91BC942}") = "2751", "2751\2751.vcxproj", "{345E956F-F472-4084-8F8A-AD9EF5DAD81C}"
EndProject
Project("{8BC9CEB8-8B4A-11D0-8D11-00A0C91BC942}") = "10845", "10845\10845.vcxproj", "{987C5CFD-A487-47F6-BF3B-ED9854200092}"
EndProject
Project("{8BC9CEB8-8B4A-11D0-8D11-00A0C91BC942}") = "11050", "11050\11050.vcxproj", "{836E1CC9-ACD7-4585-AA7C-4F7240E8C6BE}"
EndProject
Project("{8BC9CEB8-8B4A-11D0-8D11-00A0C91BC942}") = "2164", "2164\2164.vcxproj", "{090AE0FD-4B34-4048-AD4D-EFA8D5E6F2F4}"
EndProject
Project("{8BC9CEB8-8B4A-11D0-8D11-00A0C91BC942}") = "7662", "7662\7662.vcxproj", "{00DDEBC9-DD23-4367-A678-F10F74C9DD6A}"
EndProject
Project("{8BC9CEB8-8B4A-11D0-8D11-00A0C91BC942}") = "2630", "2630\2630.vcxproj", "{487AA308-16A4-4B6C-938B-42A66E36EC5B}"
EndProject
Project("{8BC9CEB8-8B4A-11D0-8D11-00A0C91BC942}") = "1107", "1107\1107.vcxproj", "{718B0226-012B-4E2A-A97D-0D22D73388DE}"
EndProject
Project("{8BC9CEB8-8B4A-11D0-8D11-00A0C91BC942}") = "1764", "1764\1764.vcxproj", "{132B4CDF-3212-4ED8-9C96-16CCAE3BC0ED}"
EndProject
Project("{8BC9CEB8-8B4A-11D0-8D11-00A0C91BC942}") = "test", "test\test.vcxproj", "{D4108FEE-8B56-427D-8C30-186B6A072C1C}"
EndProject
Project("{8BC9CEB8-8B4A-11D0-8D11-00A0C91BC942}") = "7576", "7576\7576.vcxproj", "{F1C29F6D-048A-4B5B-B6FD-96B921A2170B}"
EndProject
Project("{8BC9CEB8-8B4A-11D0-8D11-00A0C91BC942}") = "7569", "7569\7569.vcxproj", "{CB068937-77FB-48D2-AD4D-FF9247315724}"
EndProject
Project("{8BC9CEB8-8B4A-11D0-8D11-00A0C91BC942}") = "17626", "17626\17626.vcxproj", "{105A7FF6-1832-498B-9D0C-C233DB5EE370}"
EndProject
Project("{8BC9CEB8-8B4A-11D0-8D11-00A0C91BC942}") = "11723", "11723\11723.vcxproj", "{67DA2BD9-E702-482C-831E-991636DD3489}"
EndProject
Global
	GlobalSection(SolutionConfigurationPlatforms) = preSolution
		Debug|x64 = Debug|x64
		Debug|x86 = Debug|x86
		Release|x64 = Release|x64
		Release|x86 = Release|x86
	EndGlobalSection
	GlobalSection(ProjectConfigurationPlatforms) = postSolution
		{345E956F-F472-4084-8F8A-AD9EF5DAD81C}.Debug|x64.ActiveCfg = Debug|x64
		{345E956F-F472-4084-8F8A-AD9EF5DAD81C}.Debug|x64.Build.0 = Debug|x64
		{345E956F-F472-4084-8F8A-AD9EF5DAD81C}.Debug|x86.ActiveCfg = Debug|Win32
		{345E956F-F472-4084-8F8A-AD9EF5DAD81C}.Debug|x86.Build.0 = Debug|Win32
		{345E956F-F472-4084-8F8A-AD9EF5DAD81C}.Release|x64.ActiveCfg = Release|x64
		{345E956F-F472-4084-8F8A-AD9EF5DAD81C}.Release|x64.Build.0 = Release|x64
		{345E956F-F472-4084-8F8A-AD9EF5DAD81C}.Release|x86.ActiveCfg = Release|Win32
		{345E956F-F472-4084-8F8A-AD9EF5DAD81C}.Release|x86.Build.0 = Release|Win32
		{987C5CFD-A487-47F6-BF3B-ED9854200092}.Debug|x64.ActiveCfg = Debug|x64
		{987C5CFD-A487-47F6-BF3B-ED9854200092}.Debug|x64.Build.0 = Debug|x64
		{987C5CFD-A487-47F6-BF3B-ED9854200092}.Debug|x86.ActiveCfg = Debug|Win32
		{987C5CFD-A487-47F6-BF3B-ED9854200092}.Debug|x86.Build.0 = Debug|Win32
		{987C5CFD-A487-47F6-BF3B-ED9854200092}.Release|x64.ActiveCfg = Release|x64
		{987C5CFD-A487-47F6-BF3B-ED9854200092}.Release|x64.Build.0 = Release|x64
		{987C5CFD-A487-47F6-BF3B-ED9854200092}.Release|x86.ActiveCfg = Release|Win32
		{987C5CFD-A487-47F6-BF3B-ED9854200092}.Release|x86.Build.0 = Release|Win32
		{836E1CC9-ACD7-4585-AA7C-4F7240E8C6BE}.Debug|x64.ActiveCfg = Debug|x64
		{836E1CC9-ACD7-4585-AA7C-4F7240E8C6BE}.Debug|x64.Build.0 = Debug|x64
		{836E1CC9-ACD7-4585-AA7C-4F7240E8C6BE}.Debug|x86.ActiveCfg = Debug|Win32
		{836E1CC9-ACD7-4585-AA7C-4F7240E8C6BE}.Debug|x86.Build.0 = Debug|Win32
		{836E1CC9-ACD7-4585-AA7C-4F7240E8C6BE}.Release|x64.ActiveCfg = Release|x64
		{836E1CC9-ACD7-4585-AA7C-4F7240E8C6BE}.Release|x64.Build.0 = Release|x64
		{836E1CC9-ACD7-4585-AA7C-4F7240E8C6BE}.Release|x86.ActiveCfg = Release|Win32
		{836E1CC9-ACD7-4585-AA7C-4F7240E8C6BE}.Release|x86.Build.0 = Release|Win32
		{090AE0FD-4B34-4048-AD4D-EFA8D5E6F2F4}.Debug|x64.ActiveCfg = Debug|x64
		{090AE0FD-4B34-4048-AD4D-EFA8D5E6F2F4}.Debug|x64.Build.0 = Debug|x64
		{090AE0FD-4B34-4048-AD4D-EFA8D5E6F2F4}.Debug|x86.ActiveCfg = Debug|Win32
		{090AE0FD-4B34-4048-AD4D-EFA8D5E6F2F4}.Debug|x86.Build.0 = Debug|Win32
		{090AE0FD-4B34-4048-AD4D-EFA8D5E6F2F4}.Release|x64.ActiveCfg = Release|x64
		{090AE0FD-4B34-4048-AD4D-EFA8D5E6F2F4}.Release|x64.Build.0 = Release|x64
		{090AE0FD-4B34-4048-AD4D-EFA8D5E6F2F4}.Release|x86.ActiveCfg = Release|Win32
		{090AE0FD-4B34-4048-AD4D-EFA8D5E6F2F4}.Release|x86.Build.0 = Release|Win32
		{00DDEBC9-DD23-4367-A678-F10F74C9DD6A}.Debug|x64.ActiveCfg = Debug|x64
		{00DDEBC9-DD23-4367-A678-F10F74C9DD6A}.Debug|x64.Build.0 = Debug|x64
		{00DDEBC9-DD23-4367-A678-F10F74C9DD6A}.Debug|x86.ActiveCfg = Debug|Win32
		{00DDEBC9-DD23-4367-A678-F10F74C9DD6A}.Debug|x86.Build.0 = Debug|Win32
		{00DDEBC9-DD23-4367-A678-F10F74C9DD6A}.Release|x64.ActiveCfg = Release|x64
		{00DDEBC9-DD23-4367-A678-F10F74C9DD6A}.Release|x64.Build.0 = Release|x64
		{00DDEBC9-DD23-4367-A678-F10F74C9DD6A}.Release|x86.ActiveCfg = Release|Win32
		{00DDEBC9-DD23-4367-A678-F10F74C9DD6A}.Release|x86.Build.0 = Release|Win32
		{487AA308-16A4-4B6C-938B-42A66E36EC5B}.Debug|x64.ActiveCfg = Debug|x64
		{487AA308-16A4-4B6C-938B-42A66E36EC5B}.Debug|x64.Build.0 = Debug|x64
		{487AA308-16A4-4B6C-938B-42A66E36EC5B}.Debug|x86.ActiveCfg = Debug|Win32
		{487AA308-16A4-4B6C-938B-42A66E36EC5B}.Debug|x86.Build.0 = Debug|Win32
		{487AA308-16A4-4B6C-938B-42A66E36EC5B}.Release|x64.ActiveCfg = Release|x64
		{487AA308-16A4-4B6C-938B-42A66E36EC5B}.Release|x64.Build.0 = Release|x64
		{487AA308-16A4-4B6C-938B-42A66E36EC5B}.Release|x86.ActiveCfg = Release|Win32
		{487AA308-16A4-4B6C-938B-42A66E36EC5B}.Release|x86.Build.0 = Release|Win32
		{718B0226-012B-4E2A-A97D-0D22D73388DE}.Debug|x64.ActiveCfg = Debug|x64
		{718B0226-012B-4E2A-A97D-0D22D73388DE}.Debug|x64.Build.0 = Debug|x64
		{718B0226-012B-4E2A-A97D-0D22D73388DE}.Debug|x86.ActiveCfg = Debug|Win32
		{718B0226-012B-4E2A-A97D-0D22D73388DE}.Debug|x86.Build.0 = Debug|Win32
		{718B0226-012B-4E2A-A97D-0D22D73388DE}.Release|x64.ActiveCfg = Release|x64
		{718B0226-012B-4E2A-A97D-0D22D73388DE}.Release|x64.Build.0 = Release|x64
		{718B0226-012B-4E2A-A97D-0D22D73388DE}.Release|x86.ActiveCfg = Release|Win32
		{718B0226-012B-4E2A-A97D-0D22D73388DE}.Release|x86.Build.0 = Release|Win32
		{132B4CDF-3212-4ED8-9C96-16CCAE3BC0ED}.Debug|x64.ActiveCfg = Debug|x64
		{132B4CDF-3212-4ED8-9C96-16CCAE3BC0ED}.Debug|x64.Build.0 = Debug|x64
		{132B4CDF-3212-4ED8-9C96-16CCAE3BC0ED}.Debug|x86.ActiveCfg = Debug|Win32
		{132B4CDF-3212-4ED8-9C96-16CCAE3BC0ED}.Debug|x86.Build.0 = Debug|Win32
		{132B4CDF-3212-4ED8-9C96-16CCAE3BC0ED}.Release|x64.ActiveCfg = Release|x64
		{132B4CDF-3212-4ED8-9C96-16CCAE3BC0ED}.Release|x64.Build.0 = Release|x64
		{132B4CDF-3212-4ED8-9C96-16CCAE3BC0ED}.Release|x86.ActiveCfg = Release|Win32
		{132B4CDF-3212-4ED8-9C96-16CCAE3BC0ED}.Release|x86.Build.0 = Release|Win32
		{D4108FEE-8B56-427D-8C30-186B6A072C1C}.Debug|x64.ActiveCfg = Debug|x64
		{D4108FEE-8B56-427D-8C30-186B6A072C1C}.Debug|x64.Build.0 = Debug|x64
		{D4108FEE-8B56-427D-8C30-186B6A072C1C}.Debug|x86.ActiveCfg = Debug|Win32
		{D4108FEE-8B56-427D-8C30-186B6A072C1C}.Debug|x86.Build.0 = Debug|Win32
		{D4108FEE-8B56-427D-8C30-186B6A072C1C}.Release|x64.ActiveCfg = Release|x64
		{D4108FEE-8B56-427D-8C30-186B6A072C1C}.Release|x64.Build.0 = Release|x64
		{D4108FEE-8B56-427D-8C30-186B6A072C1C}.Release|x86.ActiveCfg = Release|Win32
		{D4108FEE-8B56-427D-8C30-186B6A072C1C}.Release|x86.Build.0 = Release|Win32
		{F1C29F6D-048A-4B5B-B6FD-96B921A2170B}.Debug|x64.ActiveCfg = Debug|x64
		{F1C29F6D-048A-4B5B-B6FD-96B921A2170B}.Debug|x64.Build.0 = Debug|x64
		{F1C29F6D-048A-4B5B-B6FD-96B921A2170B}.Debug|x86.ActiveCfg = Debug|Win32
		{F1C29F6D-048A-4B5B-B6FD-96B921A2170B}.Debug|x86.Build.0 = Debug|Win32
		{F1C29F6D-048A-4B5B-B6FD-96B921A2170B}.Release|x64.ActiveCfg = Release|x64
		{F1C29F6D-048A-4B5B-B6FD-96B921A2170B}.Release|x64.Build.0 = Release|x64
		{F1C29F6D-048A-4B5B-B6FD-96B921A2170B}.Release|x86.ActiveCfg = Release|Win32
		{F1C29F6D-048A-4B5B-B6FD-96B921A2170B}.Release|x86.Build.0 = Release|Win32
		{CB068937-77FB-48D2-AD4D-FF9247315724}.Debug|x64.ActiveCfg = Debug|x64
		{CB068937-77FB-48D2-AD4D-FF9247315724}.Debug|x64.Build.0 = Debug|x64
		{CB068937-77FB-48D2-AD4D-FF9247315724}.Debug|x86.ActiveCfg = Debug|Win32
		{CB068937-77FB-48D2-AD4D-FF9247315724}.Debug|x86.Build.0 = Debug|Win32
		{CB068937-77FB-48D2-AD4D-FF9247315724}.Release|x64.ActiveCfg = Release|x64
		{CB068937-77FB-48D2-AD4D-FF9247315724}.Release|x64.Build.0 = Release|x64
		{CB068937-77FB-48D2-AD4D-FF9247315724}.Release|x86.ActiveCfg = Release|Win32
		{CB068937-77FB-48D2-AD4D-FF9247315724}.Release|x86.Build.0 = Release|Win32
		{105A7FF6-1832-498B-9D0C-C233DB5EE370}.Debug|x64.ActiveCfg = Debug|x64
		{105A7FF6-1832-498B-9D0C-C233DB5EE370}.Debug|x64.Build.0 = Debug|x64
		{105A7FF6-1832-498B-9D0C-C233DB5EE370}.Debug|x86.ActiveCfg = Debug|Win32
		{105A7FF6-1832-498B-9D0C-C233DB5EE370}.Debug|x86.Build.0 = Debug|Win32
		{105A7FF6-1832-498B-9D0C-C233DB5EE370}.Release|x64.ActiveCfg = Release|x64
		{105A7FF6-1832-498B-9D0C-C233DB5EE370}.Release|x64.Build.0 = Release|x64
		{105A7FF6-1832-498B-9D0C-C233DB5EE370}.Release|x86.ActiveCfg = Release|Win32
		{105A7FF6-1832-498B-9D0C-C233DB5EE370}.Release|x86.Build.0 = Release|Win32
		{67DA2BD9-E702-482C-831E-991636DD3489}.Debug|x64.ActiveCfg = Debug|x64
		{67DA2BD9-E702-482C-831E-991636DD3489}.Debug|x64.Build.0 = Debug|x64
		{67DA2BD9-E702-482C-831E-991636DD3489}.Debug|x86.ActiveCfg = Debug|Win32
		{67DA2BD9-E702-482C-831E-991636DD3489}.Debug|x86.Build.0 = Debug|Win32
		{67DA2BD9-E702-482C-831E-991636DD3489}.Release|x64.ActiveCfg = Release|x64
		{67DA2BD9-E702-482C-831E-991636DD3489}.Release|x64.Build.0 = Release|x64
		{67DA2BD9-E702-482C-831E-991636DD3489}.Release|x86.ActiveCfg = Release|Win32
		{67DA2BD9-E702-482C-831E-991636DD3489}.Release|x86.Build.0 = Release|Win32
	EndGlobalSection
	GlobalSection(SolutionProperties) = preSolution
		HideSolutionNode = FALSE
	EndGlobalSection
	GlobalSection(ExtensibilityGlobals) = postSolution
		SolutionGuid = {151283D3-D756-44E1-9328-77AC1C732FD3}
	EndGlobalSection
EndGlobal
